// !$*UTF8*$!
{
	archiveVersion = 1;
	classes = {
	};
	objectVersion = 55;
	objects = {

/* Begin PBXBuildFile section */
		D061C28E286AEB40004F6E3A /* AppDelegate.swift in Sources */ = {isa = PBXBuildFile; fileRef = D061C28D286AEB40004F6E3A /* AppDelegate.swift */; };
		D061C290286AEB40004F6E3A /* SceneDelegate.swift in Sources */ = {isa = PBXBuildFile; fileRef = D061C28F286AEB40004F6E3A /* SceneDelegate.swift */; };
		D061C297286AEB42004F6E3A /* Assets.xcassets in Resources */ = {isa = PBXBuildFile; fileRef = D061C296286AEB42004F6E3A /* Assets.xcassets */; };
		D061C29A286AEB42004F6E3A /* LaunchScreen.storyboard in Resources */ = {isa = PBXBuildFile; fileRef = D061C298286AEB42004F6E3A /* LaunchScreen.storyboard */; };
		D061C2A6286AEB74004F6E3A /* MainViewController.swift in Sources */ = {isa = PBXBuildFile; fileRef = D061C2A4286AEB74004F6E3A /* MainViewController.swift */; };
		D061C2A7286AEB74004F6E3A /* MainViewController.xib in Resources */ = {isa = PBXBuildFile; fileRef = D061C2A5286AEB74004F6E3A /* MainViewController.xib */; };
		D061C2A9286B471F004F6E3A /* LocalAuthManager.swift in Sources */ = {isa = PBXBuildFile; fileRef = D061C2A8286B471F004F6E3A /* LocalAuthManager.swift */; };
		D061C2AB286BE8CF004F6E3A /* KeyChainManager.swift in Sources */ = {isa = PBXBuildFile; fileRef = D061C2AA286BE8CF004F6E3A /* KeyChainManager.swift */; };
		D061C2AE286BF176004F6E3A /* Alert.swift in Sources */ = {isa = PBXBuildFile; fileRef = D061C2AD286BF176004F6E3A /* Alert.swift */; };
/* End PBXBuildFile section */

/* Begin PBXFileReference section */
		D061C28A286AEB40004F6E3A /* LocalAuthTest.app */ = {isa = PBXFileReference; explicitFileType = wrapper.application; includeInIndex = 0; path = LocalAuthTest.app; sourceTree = BUILT_PRODUCTS_DIR; };
		D061C28D286AEB40004F6E3A /* AppDelegate.swift */ = {isa = PBXFileReference; lastKnownFileType = sourcecode.swift; path = AppDelegate.swift; sourceTree = "<group>"; };
		D061C28F286AEB40004F6E3A /* SceneDelegate.swift */ = {isa = PBXFileReference; lastKnownFileType = sourcecode.swift; path = SceneDelegate.swift; sourceTree = "<group>"; };
		D061C296286AEB42004F6E3A /* Assets.xcassets */ = {isa = PBXFileReference; lastKnownFileType = folder.assetcatalog; path = Assets.xcassets; sourceTree = "<group>"; };
		D061C299286AEB42004F6E3A /* Base */ = {isa = PBXFileReference; lastKnownFileType = file.storyboard; name = Base; path = Base.lproj/LaunchScreen.storyboard; sourceTree = "<group>"; };
		D061C29B286AEB42004F6E3A /* Info.plist */ = {isa = PBXFileReference; lastKnownFileType = text.plist.xml; path = Info.plist; sourceTree = "<group>"; };
		D061C2A4286AEB74004F6E3A /* MainViewController.swift */ = {isa = PBXFileReference; lastKnownFileType = sourcecode.swift; path = MainViewController.swift; sourceTree = "<group>"; };
		D061C2A5286AEB74004F6E3A /* MainViewController.xib */ = {isa = PBXFileReference; lastKnownFileType = file.xib; path = MainViewController.xib; sourceTree = "<group>"; };
		D061C2A8286B471F004F6E3A /* LocalAuthManager.swift */ = {isa = PBXFileReference; lastKnownFileType = sourcecode.swift; path = LocalAuthManager.swift; sourceTree = "<group>"; };
		D061C2AA286BE8CF004F6E3A /* KeyChainManager.swift */ = {isa = PBXFileReference; lastKnownFileType = sourcecode.swift; path = KeyChainManager.swift; sourceTree = "<group>"; };
		D061C2AD286BF176004F6E3A /* Alert.swift */ = {isa = PBXFileReference; lastKnownFileType = sourcecode.swift; path = Alert.swift; sourceTree = "<group>"; };
/* End PBXFileReference section */

/* Begin PBXFrameworksBuildPhase section */
		D061C287286AEB40004F6E3A /* Frameworks */ = {
			isa = PBXFrameworksBuildPhase;
			buildActionMask = 2147483647;
			files = (
			);
			runOnlyForDeploymentPostprocessing = 0;
		};
/* End PBXFrameworksBuildPhase section */

/* Begin PBXGroup section */
		D061C281286AEB40004F6E3A = {
			isa = PBXGroup;
			children = (
				D061C28C286AEB40004F6E3A /* LocalAuthTest */,
				D061C28B286AEB40004F6E3A /* Products */,
			);
			sourceTree = "<group>";
		};
		D061C28B286AEB40004F6E3A /* Products */ = {
			isa = PBXGroup;
			children = (
				D061C28A286AEB40004F6E3A /* LocalAuthTest.app */,
			);
			name = Products;
			sourceTree = "<group>";
		};
		D061C28C286AEB40004F6E3A /* LocalAuthTest */ = {
			isa = PBXGroup;
			children = (
				D061C2AC286BF116004F6E3A /* Utilities */,
				D061C2A3286AEB5E004F6E3A /* Model */,
				D061C2A2286AEB5A004F6E3A /* View */,
				D061C2A1286AEB50004F6E3A /* Controller */,
				D061C28D286AEB40004F6E3A /* AppDelegate.swift */,
				D061C28F286AEB40004F6E3A /* SceneDelegate.swift */,
				D061C296286AEB42004F6E3A /* Assets.xcassets */,
				D061C298286AEB42004F6E3A /* LaunchScreen.storyboard */,
				D061C29B286AEB42004F6E3A /* Info.plist */,
			);
			path = LocalAuthTest;
			sourceTree = "<group>";
		};
		D061C2A1286AEB50004F6E3A /* Controller */ = {
			isa = PBXGroup;
			children = (
				D061C2A4286AEB74004F6E3A /* MainViewController.swift */,
				D061C2A5286AEB74004F6E3A /* MainViewController.xib */,
			);
			path = Controller;
			sourceTree = "<group>";
		};
		D061C2A2286AEB5A004F6E3A /* View */ = {
			isa = PBXGroup;
			children = (
			);
			path = View;
			sourceTree = "<group>";
		};
		D061C2A3286AEB5E004F6E3A /* Model */ = {
			isa = PBXGroup;
			children = (
				D061C2A8286B471F004F6E3A /* LocalAuthManager.swift */,
				D061C2AA286BE8CF004F6E3A /* KeyChainManager.swift */,
			);
			path = Model;
			sourceTree = "<group>";
		};
		D061C2AC286BF116004F6E3A /* Utilities */ = {
			isa = PBXGroup;
			children = (
				D061C2AD286BF176004F6E3A /* Alert.swift */,
			);
			path = Utilities;
			sourceTree = "<group>";
		};
/* End PBXGroup section */

/* Begin PBXNativeTarget section */
		D061C289286AEB40004F6E3A /* LocalAuthTest */ = {
			isa = PBXNativeTarget;
			buildConfigurationList = D061C29E286AEB42004F6E3A /* Build configuration list for PBXNativeTarget "LocalAuthTest" */;
			buildPhases = (
				D061C286286AEB40004F6E3A /* Sources */,
				D061C287286AEB40004F6E3A /* Frameworks */,
				D061C288286AEB40004F6E3A /* Resources */,
			);
			buildRules = (
			);
			dependencies = (
			);
			name = LocalAuthTest;
			productName = LocalAuthTest;
			productReference = D061C28A286AEB40004F6E3A /* LocalAuthTest.app */;
			productType = "com.apple.product-type.application";
		};
/* End PBXNativeTarget section */

/* Begin PBXProject section */
		D061C282286AEB40004F6E3A /* Project object */ = {
			isa = PBXProject;
			attributes = {
				BuildIndependentTargetsInParallel = 1;
				LastSwiftUpdateCheck = 1310;
				LastUpgradeCheck = 1310;
				TargetAttributes = {
					D061C289286AEB40004F6E3A = {
						CreatedOnToolsVersion = 13.1;
					};
				};
			};
			buildConfigurationList = D061C285286AEB40004F6E3A /* Build configuration list for PBXProject "LocalAuthTest" */;
			compatibilityVersion = "Xcode 13.0";
			developmentRegion = en;
			hasScannedForEncodings = 0;
			knownRegions = (
				en,
				Base,
			);
			mainGroup = D061C281286AEB40004F6E3A;
			productRefGroup = D061C28B286AEB40004F6E3A /* Products */;
			projectDirPath = "";
			projectRoot = "";
			targets = (
				D061C289286AEB40004F6E3A /* LocalAuthTest */,
			);
		};
/* End PBXProject section */

/* Begin PBXResourcesBuildPhase section */
		D061C288286AEB40004F6E3A /* Resources */ = {
			isa = PBXResourcesBuildPhase;
			buildActionMask = 2147483647;
			files = (
				D061C29A286AEB42004F6E3A /* LaunchScreen.storyboard in Resources */,
				D061C2A7286AEB74004F6E3A /* MainViewController.xib in Resources */,
				D061C297286AEB42004F6E3A /* Assets.xcassets in Resources */,
			);
			runOnlyForDeploymentPostprocessing = 0;
		};
/* End PBXResourcesBuildPhase section */

/* Begin PBXSourcesBuildPhase section */
		D061C286286AEB40004F6E3A /* Sources */ = {
			isa = PBXSourcesBuildPhase;
			buildActionMask = 2147483647;
			files = (
				D061C2AE286BF176004F6E3A /* Alert.swift in Sources */,
				D061C2A6286AEB74004F6E3A /* MainViewController.swift in Sources */,
				D061C2A9286B471F004F6E3A /* LocalAuthManager.swift in Sources */,
				D061C2AB286BE8CF004F6E3A /* KeyChainManager.swift in Sources */,
				D061C28E286AEB40004F6E3A /* AppDelegate.swift in Sources */,
				D061C290286AEB40004F6E3A /* SceneDelegate.swift in Sources */,
			);
			runOnlyForDeploymentPostprocessing = 0;
		};
/* End PBXSourcesBuildPhase section */

/* Begin PBXVariantGroup section */
		D061C298286AEB42004F6E3A /* LaunchScreen.storyboard */ = {
			isa = PBXVariantGroup;
			children = (
				D061C299286AEB42004F6E3A /* Base */,
			);
			name = LaunchScreen.storyboard;
			sourceTree = "<group>";
		};
/* End PBXVariantGroup section */

/* Begin XCBuildConfiguration section */
		D061C29C286AEB42004F6E3A /* Debug */ = {
			isa = XCBuildConfiguration;
			buildSettings = {
				ALWAYS_SEARCH_USER_PATHS = NO;
				CLANG_ANALYZER_NONNULL = YES;
				CLANG_ANALYZER_NUMBER_OBJECT_CONVERSION = YES_AGGRESSIVE;
				CLANG_CXX_LANGUAGE_STANDARD = "gnu++17";
				CLANG_CXX_LIBRARY = "libc++";
				CLANG_ENABLE_MODULES = YES;
				CLANG_ENABLE_OBJC_ARC = YES;
				CLANG_ENABLE_OBJC_WEAK = YES;
				CLANG_WARN_BLOCK_CAPTURE_AUTORELEASING = YES;
				CLANG_WARN_BOOL_CONVERSION = YES;
				CLANG_WARN_COMMA = YES;
				CLANG_WARN_CONSTANT_CONVERSION = YES;
				CLANG_WARN_DEPRECATED_OBJC_IMPLEMENTATIONS = YES;
				CLANG_WARN_DIRECT_OBJC_ISA_USAGE = YES_ERROR;
				CLANG_WARN_DOCUMENTATION_COMMENTS = YES;
				CLANG_WARN_EMPTY_BODY = YES;
				CLANG_WARN_ENUM_CONVERSION = YES;
				CLANG_WARN_INFINITE_RECURSION = YES;
				CLANG_WARN_INT_CONVERSION = YES;
				CLANG_WARN_NON_LITERAL_NULL_CONVERSION = YES;
				CLANG_WARN_OBJC_IMPLICIT_RETAIN_SELF = YES;
				CLANG_WARN_OBJC_LITERAL_CONVERSION = YES;
				CLANG_WARN_OBJC_ROOT_CLASS = YES_ERROR;
				CLANG_WARN_QUOTED_INCLUDE_IN_FRAMEWORK_HEADER = YES;
				CLANG_WARN_RANGE_LOOP_ANALYSIS = YES;
				CLANG_WARN_STRICT_PROTOTYPES = YES;
				CLANG_WARN_SUSPICIOUS_MOVE = YES;
				CLANG_WARN_UNGUARDED_AVAILABILITY = YES_AGGRESSIVE;
				CLANG_WARN_UNREACHABLE_CODE = YES;
				CLANG_WARN__DUPLICATE_METHOD_MATCH = YES;
				COPY_PHASE_STRIP = NO;
				DEBUG_INFORMATION_FORMAT = dwarf;
				ENABLE_STRICT_OBJC_MSGSEND = YES;
				ENABLE_TESTABILITY = YES;
				GCC_C_LANGUAGE_STANDARD = gnu11;
				GCC_DYNAMIC_NO_PIC = NO;
				GCC_NO_COMMON_BLOCKS = YES;
				GCC_OPTIMIZATION_LEVEL = 0;
				GCC_PREPROCESSOR_DEFINITIONS = (
					"DEBUG=1",
					"$(inherited)",
				);
				GCC_WARN_64_TO_32_BIT_CONVERSION = YES;
				GCC_WARN_ABOUT_RETURN_TYPE = YES_ERROR;
				GCC_WARN_UNDECLARED_SELECTOR = YES;
				GCC_WARN_UNINITIALIZED_AUTOS = YES_AGGRESSIVE;
				GCC_WARN_UNUSED_FUNCTION = YES;
				GCC_WARN_UNUSED_VARIABLE = YES;
				IPHONEOS_DEPLOYMENT_TARGET = 15.0;
				MTL_ENABLE_DEBUG_INFO = INCLUDE_SOURCE;
				MTL_FAST_MATH = YES;
				ONLY_ACTIVE_ARCH = YES;
				SDKROOT = iphoneos;
				SWIFT_ACTIVE_COMPILATION_CONDITIONS = DEBUG;
				SWIFT_OPTIMIZATION_LEVEL = "-Onone";
			};
			name = Debug;
		};
		D061C29D286AEB42004F6E3A /* Release */ = {
			isa = XCBuildConfiguration;
			buildSettings = {
				ALWAYS_SEARCH_USER_PATHS = NO;
				CLANG_ANALYZER_NONNULL = YES;
				CLANG_ANALYZER_NUMBER_OBJECT_CONVERSION = YES_AGGRESSIVE;
				CLANG_CXX_LANGUAGE_STANDARD = "gnu++17";
				CLANG_CXX_LIBRARY = "libc++";
				CLANG_ENABLE_MODULES = YES;
				CLANG_ENABLE_OBJC_ARC = YES;
				CLANG_ENABLE_OBJC_WEAK = YES;
				CLANG_WARN_BLOCK_CAPTURE_AUTORELEASING = YES;
				CLANG_WARN_BOOL_CONVERSION = YES;
				CLANG_WARN_COMMA = YES;
				CLANG_WARN_CONSTANT_CONVERSION = YES;
				CLANG_WARN_DEPRECATED_OBJC_IMPLEMENTATIONS = YES;
				CLANG_WARN_DIRECT_OBJC_ISA_USAGE = YES_ERROR;
				CLANG_WARN_DOCUMENTATION_COMMENTS = YES;
				CLANG_WARN_EMPTY_BODY = YES;
				CLANG_WARN_ENUM_CONVERSION = YES;
				CLANG_WARN_INFINITE_RECURSION = YES;
				CLANG_WARN_INT_CONVERSION = YES;
				CLANG_WARN_NON_LITERAL_NULL_CONVERSION = YES;
				CLANG_WARN_OBJC_IMPLICIT_RETAIN_SELF = YES;
				CLANG_WARN_OBJC_LITERAL_CONVERSION = YES;
				CLANG_WARN_OBJC_ROOT_CLASS = YES_ERROR;
				CLANG_WARN_QUOTED_INCLUDE_IN_FRAMEWORK_HEADER = YES;
				CLANG_WARN_RANGE_LOOP_ANALYSIS = YES;
				CLANG_WARN_STRICT_PROTOTYPES = YES;
				CLANG_WARN_SUSPICIOUS_MOVE = YES;
				CLANG_WARN_UNGUARDED_AVAILABILITY = YES_AGGRESSIVE;
				CLANG_WARN_UNREACHABLE_CODE = YES;
				CLANG_WARN__DUPLICATE_METHOD_MATCH = YES;
				COPY_PHASE_STRIP = NO;
				DEBUG_INFORMATION_FORMAT = "dwarf-with-dsym";
				ENABLE_NS_ASSERTIONS = NO;
				ENABLE_STRICT_OBJC_MSGSEND = YES;
				GCC_C_LANGUAGE_STANDARD = gnu11;
				GCC_NO_COMMON_BLOCKS = YES;
				GCC_WARN_64_TO_32_BIT_CONVERSION = YES;
				GCC_WARN_ABOUT_RETURN_TYPE = YES_ERROR;
				GCC_WARN_UNDECLARED_SELECTOR = YES;
				GCC_WARN_UNINITIALIZED_AUTOS = YES_AGGRESSIVE;
				GCC_WARN_UNUSED_FUNCTION = YES;
				GCC_WARN_UNUSED_VARIABLE = YES;
				IPHONEOS_DEPLOYMENT_TARGET = 15.0;
				MTL_ENABLE_DEBUG_INFO = NO;
				MTL_FAST_MATH = YES;
				SDKROOT = iphoneos;
				SWIFT_COMPILATION_MODE = wholemodule;
				SWIFT_OPTIMIZATION_LEVEL = "-O";
				VALIDATE_PRODUCT = YES;
			};
			name = Release;
		};
		D061C29F286AEB42004F6E3A /* Debug */ = {
			isa = XCBuildConfiguration;
			buildSettings = {
				ASSETCATALOG_COMPILER_APPICON_NAME = AppIcon;
				ASSETCATALOG_COMPILER_GLOBAL_ACCENT_COLOR_NAME = AccentColor;
				CODE_SIGN_STYLE = Automatic;
				CURRENT_PROJECT_VERSION = 1;
				DEVELOPMENT_TEAM = S8FBP4YLUA;
				GENERATE_INFOPLIST_FILE = YES;
				INFOPLIST_FILE = LocalAuthTest/Info.plist;
				INFOPLIST_KEY_UIApplicationSupportsIndirectInputEvents = YES;
				INFOPLIST_KEY_UILaunchStoryboardName = LaunchScreen;
				INFOPLIST_KEY_UISupportedInterfaceOrientations_iPad = "UIInterfaceOrientationPortrait UIInterfaceOrientationPortraitUpsideDown UIInterfaceOrientationLandscapeLeft UIInterfaceOrientationLandscapeRight";
				INFOPLIST_KEY_UISupportedInterfaceOrientations_iPhone = "UIInterfaceOrientationPortrait UIInterfaceOrientationLandscapeLeft UIInterfaceOrientationLandscapeRight";
				IPHONEOS_DEPLOYMENT_TARGET = 14.0;
				LD_RUNPATH_SEARCH_PATHS = (
					"$(inherited)",
					"@executable_path/Frameworks",
				);
				MARKETING_VERSION = 1.0;
				PRODUCT_BUNDLE_IDENTIFIER = com.leoho.LocalAuthTest;
				PRODUCT_NAME = "$(TARGET_NAME)";
				SWIFT_EMIT_LOC_STRINGS = YES;
				SWIFT_VERSION = 5.0;
				TARGETED_DEVICE_FAMILY = "1,2";
			};
			name = Debug;
		};
		D061C2A0286AEB42004F6E3A /* Release */ = {
			isa = XCBuildConfiguration;
			buildSettings = {
				ASSETCATALOG_COMPILER_APPICON_NAME = AppIcon;
				ASSETCATALOG_COMPILER_GLOBAL_ACCENT_COLOR_NAME = AccentColor;
				CODE_SIGN_STYLE = Automatic;
				CURRENT_PROJECT_VERSION = 1;
				DEVELOPMENT_TEAM = S8FBP4YLUA;
				GENERATE_INFOPLIST_FILE = YES;
				INFOPLIST_FILE = LocalAuthTest/Info.plist;
				INFOPLIST_KEY_UIApplicationSupportsIndirectInputEvents = YES;
				INFOPLIST_KEY_UILaunchStoryboardName = LaunchScreen;
				INFOPLIST_KEY_UISupportedInterfaceOrientations_iPad = "UIInterfaceOrientationPortrait UIInterfaceOrientationPortraitUpsideDown UIInterfaceOrientationLandscapeLeft UIInterfaceOrientationLandscapeRight";
				INFOPLIST_KEY_UISupportedInterfaceOrientations_iPhone = "UIInterfaceOrientationPortrait UIInterfaceOrientationLandscapeLeft UIInterfaceOrientationLandscapeRight";
				IPHONEOS_DEPLOYMENT_TARGET = 14.0;
				LD_RUNPATH_SEARCH_PATHS = (
					"$(inherited)",
					"@executable_path/Frameworks",
				);
				MARKETING_VERSION = 1.0;
				PRODUCT_BUNDLE_IDENTIFIER = com.leoho.LocalAuthTest;
				PRODUCT_NAME = "$(TARGET_NAME)";
				SWIFT_EMIT_LOC_STRINGS = YES;
				SWIFT_VERSION = 5.0;
				TARGETED_DEVICE_FAMILY = "1,2";
			};
			name = Release;
		};
/* End XCBuildConfiguration section */

/* Begin XCConfigurationList section */
		D061C285286AEB40004F6E3A /* Build configuration list for PBXProject "LocalAuthTest" */ = {
			isa = XCConfigurationList;
			buildConfigurations = (
				D061C29C286AEB42004F6E3A /* Debug */,
				D061C29D286AEB42004F6E3A /* Release */,
			);
			defaultConfigurationIsVisible = 0;
			defaultConfigurationName = Release;
		};
		D061C29E286AEB42004F6E3A /* Build configuration list for PBXNativeTarget "LocalAuthTest" */ = {
			isa = XCConfigurationList;
			buildConfigurations = (
				D061C29F286AEB42004F6E3A /* Debug */,
				D061C2A0286AEB42004F6E3A /* Release */,
			);
			defaultConfigurationIsVisible = 0;
			defaultConfigurationName = Release;
		};
/* End XCConfigurationList section */
	};
	rootObject = D061C282286AEB40004F6E3A /* Project object */;
}
